
Microsoft Visual Studio Solution File, Format Version 12.00
# Visual Studio Version 17
VisualStudioVersion = 17.8.34525.116
MinimumVisualStudioVersion = 10.0.40219.1
Project("{FAE04EC0-301F-11D3-BF4B-00C04F79EFBC}") = "MathGame", "MathGame.csproj", "{B25AE314-D3D2-478B-8AE9-B4DEE7BFCF88}"
EndProject
Global
	GlobalSection(SolutionConfigurationPlatforms) = preSolution
		Debug|Any CPU = Debug|Any CPU
		Release|Any CPU = Release|Any CPU
	EndGlobalSection
	GlobalSection(ProjectConfigurationPlatforms) = postSolution
		{B25AE314-D3D2-478B-8AE9-B4DEE7BFCF88}.Debug|Any CPU.ActiveCfg = Debug|Any CPU
		{B25AE314-D3D2-478B-8AE9-B4DEE7BFCF88}.Debug|Any CPU.Build.0 = Debug|Any CPU
		{B25AE314-D3D2-478B-8AE9-B4DEE7BFCF88}.Release|Any CPU.ActiveCfg = Release|Any CPU
		{B25AE314-D3D2-478B-8AE9-B4DEE7BFCF88}.Release|Any CPU.Build.0 = Release|Any CPU
	EndGlobalSection
	GlobalSection(SolutionProperties) = preSolution
		HideSolutionNode = FALSE
	EndGlobalSection
	GlobalSection(ExtensibilityGlobals) = postSolution
		SolutionGuid = {DC9E4B97-2FED-43F2-92A1-E28BFD2BF2FE}
	EndGlobalSection
EndGlobal
